
Microsoft Visual Studio Solution File, Format Version 12.00
# Visual Studio Version 17
VisualStudioVersion = 17.12.35527.113 d17.12
MinimumVisualStudioVersion = 10.0.40219.1
Project("{FAE04EC0-301F-11D3-BF4B-00C04F79EFBC}") = "AppLayer", "AppLayer\AppLayer.csproj", "{0A9C98C1-DBE1-424F-89DB-EE596B3C6D4A}"
EndProject
Project("{FAE04EC0-301F-11D3-BF4B-00C04F79EFBC}") = "BLL", "BLL\BLL.csproj", "{97427918-D93B-4A63-8288-FFD256709BF4}"
EndProject
Project("{FAE04EC0-301F-11D3-BF4B-00C04F79EFBC}") = "DAL", "DAL\DAL.csproj", "{68C01075-57D5-4C62-8E66-55F79F24C947}"
EndProject
Global
	GlobalSection(SolutionConfigurationPlatforms) = preSolution
		Debug|Any CPU = Debug|Any CPU
		Release|Any CPU = Release|Any CPU
	EndGlobalSection
	GlobalSection(ProjectConfigurationPlatforms) = postSolution
		{0A9C98C1-DBE1-424F-89DB-EE596B3C6D4A}.Debug|Any CPU.ActiveCfg = Debug|Any CPU
		{0A9C98C1-DBE1-424F-89DB-EE596B3C6D4A}.Debug|Any CPU.Build.0 = Debug|Any CPU
		{0A9C98C1-DBE1-424F-89DB-EE596B3C6D4A}.Release|Any CPU.ActiveCfg = Release|Any CPU
		{0A9C98C1-DBE1-424F-89DB-EE596B3C6D4A}.Release|Any CPU.Build.0 = Release|Any CPU
		{97427918-D93B-4A63-8288-FFD256709BF4}.Debug|Any CPU.ActiveCfg = Debug|Any CPU
		{97427918-D93B-4A63-8288-FFD256709BF4}.Debug|Any CPU.Build.0 = Debug|Any CPU
		{97427918-D93B-4A63-8288-FFD256709BF4}.Release|Any CPU.ActiveCfg = Release|Any CPU
		{97427918-D93B-4A63-8288-FFD256709BF4}.Release|Any CPU.Build.0 = Release|Any CPU
		{68C01075-57D5-4C62-8E66-55F79F24C947}.Debug|Any CPU.ActiveCfg = Debug|Any CPU
		{68C01075-57D5-4C62-8E66-55F79F24C947}.Debug|Any CPU.Build.0 = Debug|Any CPU
		{68C01075-57D5-4C62-8E66-55F79F24C947}.Release|Any CPU.ActiveCfg = Release|Any CPU
		{68C01075-57D5-4C62-8E66-55F79F24C947}.Release|Any CPU.Build.0 = Release|Any CPU
	EndGlobalSection
	GlobalSection(SolutionProperties) = preSolution
		HideSolutionNode = FALSE
	EndGlobalSection
EndGlobal
